
Microsoft Visual Studio Solution File, Format Version 12.00
# Visual Studio Version 16
VisualStudioVersion = 16.0.29613.14
MinimumVisualStudioVersion = 10.0.40219.1
Project("{FAE04EC0-301F-11D3-BF4B-00C04F79EFBC}") = "Breweries.Web", "Breweries.Web\Breweries.Web.csproj", "{18A5A7D9-0F1B-48E8-A497-63B7EB9A0A7D}"
EndProject
Project("{FAE04EC0-301F-11D3-BF4B-00C04F79EFBC}") = "Breweries.Api", "Breweries.Api\Breweries.Api.csproj", "{68F62FDD-F832-4C7A-B97D-C4BEFD38BB62}"
EndProject
Project("{FAE04EC0-301F-11D3-BF4B-00C04F79EFBC}") = "Breweries.BusinessLogic", "Breweries.BusinessLogic\Breweries.BusinessLogic.csproj", "{E508E434-A8BE-47B5-B4BA-ACA9054C6BFF}"
EndProject
Global
	GlobalSection(SolutionConfigurationPlatforms) = preSolution
		Debug|Any CPU = Debug|Any CPU
		Release|Any CPU = Release|Any CPU
	EndGlobalSection
	GlobalSection(ProjectConfigurationPlatforms) = postSolution
		{18A5A7D9-0F1B-48E8-A497-63B7EB9A0A7D}.Debug|Any CPU.ActiveCfg = Debug|Any CPU
		{18A5A7D9-0F1B-48E8-A497-63B7EB9A0A7D}.Debug|Any CPU.Build.0 = Debug|Any CPU
		{18A5A7D9-0F1B-48E8-A497-63B7EB9A0A7D}.Release|Any CPU.ActiveCfg = Release|Any CPU
		{18A5A7D9-0F1B-48E8-A497-63B7EB9A0A7D}.Release|Any CPU.Build.0 = Release|Any CPU
		{68F62FDD-F832-4C7A-B97D-C4BEFD38BB62}.Debug|Any CPU.ActiveCfg = Debug|Any CPU
		{68F62FDD-F832-4C7A-B97D-C4BEFD38BB62}.Debug|Any CPU.Build.0 = Debug|Any CPU
		{68F62FDD-F832-4C7A-B97D-C4BEFD38BB62}.Release|Any CPU.ActiveCfg = Release|Any CPU
		{68F62FDD-F832-4C7A-B97D-C4BEFD38BB62}.Release|Any CPU.Build.0 = Release|Any CPU
		{E508E434-A8BE-47B5-B4BA-ACA9054C6BFF}.Debug|Any CPU.ActiveCfg = Debug|Any CPU
		{E508E434-A8BE-47B5-B4BA-ACA9054C6BFF}.Debug|Any CPU.Build.0 = Debug|Any CPU
		{E508E434-A8BE-47B5-B4BA-ACA9054C6BFF}.Release|Any CPU.ActiveCfg = Release|Any CPU
		{E508E434-A8BE-47B5-B4BA-ACA9054C6BFF}.Release|Any CPU.Build.0 = Release|Any CPU
	EndGlobalSection
	GlobalSection(SolutionProperties) = preSolution
		HideSolutionNode = FALSE
	EndGlobalSection
	GlobalSection(ExtensibilityGlobals) = postSolution
		SolutionGuid = {9A7C6F4C-827D-45EE-B0B3-3FAC52FC9B18}
	EndGlobalSection
EndGlobal
